
Microsoft Visual Studio Solution File, Format Version 12.00
# Visual Studio Version 16
VisualStudioVersion = 16.0.29728.190
MinimumVisualStudioVersion = 10.0.40219.1
Project("{FAE04EC0-301F-11D3-BF4B-00C04F79EFBC}") = "NickRandomiser", "NickRandomiser.csproj", "{56C7EE05-6183-437E-97FF-FB05DCD08E03}"
EndProject
Global
	GlobalSection(SolutionConfigurationPlatforms) = preSolution
		Debug|Any CPU = Debug|Any CPU
		Release|Any CPU = Release|Any CPU
	EndGlobalSection
	GlobalSection(ProjectConfigurationPlatforms) = postSolution
		{56C7EE05-6183-437E-97FF-FB05DCD08E03}.Debug|Any CPU.ActiveCfg = Debug|Any CPU
		{56C7EE05-6183-437E-97FF-FB05DCD08E03}.Debug|Any CPU.Build.0 = Debug|Any CPU
		{56C7EE05-6183-437E-97FF-FB05DCD08E03}.Release|Any CPU.ActiveCfg = Release|Any CPU
		{56C7EE05-6183-437E-97FF-FB05DCD08E03}.Release|Any CPU.Build.0 = Release|Any CPU
	EndGlobalSection
	GlobalSection(SolutionProperties) = preSolution
		HideSolutionNode = FALSE
	EndGlobalSection
	GlobalSection(ExtensibilityGlobals) = postSolution
		SolutionGuid = {8B16B3FB-6E56-44AD-884B-41BCCB5D3DF7}
	EndGlobalSection
EndGlobal
